
Microsoft Visual Studio Solution File, Format Version 12.00
# Visual Studio Version 17
VisualStudioVersion = 17.2.32616.157
MinimumVisualStudioVersion = 10.0.40219.1
Project("{FAE04EC0-301F-11D3-BF4B-00C04F79EFBC}") = "Aula2", "Aula2\Aula2.csproj", "{206AC78A-0C65-48D3-A47F-354823BB4764}"
EndProject
Global
	GlobalSection(SolutionConfigurationPlatforms) = preSolution
		Debug|Any CPU = Debug|Any CPU
		Release|Any CPU = Release|Any CPU
	EndGlobalSection
	GlobalSection(ProjectConfigurationPlatforms) = postSolution
		{206AC78A-0C65-48D3-A47F-354823BB4764}.Debug|Any CPU.ActiveCfg = Debug|Any CPU
		{206AC78A-0C65-48D3-A47F-354823BB4764}.Debug|Any CPU.Build.0 = Debug|Any CPU
		{206AC78A-0C65-48D3-A47F-354823BB4764}.Release|Any CPU.ActiveCfg = Release|Any CPU
		{206AC78A-0C65-48D3-A47F-354823BB4764}.Release|Any CPU.Build.0 = Release|Any CPU
	EndGlobalSection
	GlobalSection(SolutionProperties) = preSolution
		HideSolutionNode = FALSE
	EndGlobalSection
	GlobalSection(ExtensibilityGlobals) = postSolution
		SolutionGuid = {E12C1506-3844-4E44-BD69-31F147943541}
	EndGlobalSection
EndGlobal
